# THIS IS AN AUTOGENERATED FILE. DO NOT EDIT THIS FILE DIRECTLY.
# yarn lockfile v1


"axios@^0.26.1":
  "integrity" "sha512-fPwcX4EvnSHuInCMItEhAGnaSEXRBjtzh9fOtsE6E1G6p7vl7edEeZe11QHf18+6+9gR5PbKV/sGKNaD8YaMeA=="
  "resolved" "https://registry.npmjs.org/axios/-/axios-0.26.1.tgz"
  "version" "0.26.1"
  dependencies:
    "follow-redirects" "^1.14.8"

"dotenv@^16.0.0":
  "integrity" "sha512-qD9WU0MPM4SWLPJy/r2Be+2WgQj8plChsyrCNQzW/0WjvcJQiKQJ9mH3ZgB3fxbUUxgc/11ZJ0Fi5KiimWGz2Q=="
  "resolved" "https://registry.npmjs.org/dotenv/-/dotenv-16.0.0.tgz"
  "version" "16.0.0"

"follow-redirects@^1.14.8":
  "integrity" "sha512-MQDfihBQYMcyy5dhRDJUHcw7lb2Pv/TuE6xP1vyraLukNDHKbDxDNaOE3NbCAdKQApno+GPRyo1YAp89yCjK4w=="
  "resolved" "https://registry.npmjs.org/follow-redirects/-/follow-redirects-1.14.9.tgz"
  "version" "1.14.9"

"js-tokens@^3.0.0 || ^4.0.0":
  "integrity" "sha512-RdJUflcE3cUzKiMqQgsCu06FPu9UdIJO0beYbPhHN4k6apgJtifcoCtT9bcxOpYBtpD2kCM6Sbzg4CausW/PKQ=="
  "resolved" "https://registry.npmjs.org/js-tokens/-/js-tokens-4.0.0.tgz"
  "version" "4.0.0"

"loose-envify@^1.1.0":
  "integrity" "sha512-lyuxPGr/Wfhrlem2CL/UcnUc1zcqKAImBDzukY7Y5F/yQiNdko6+fRLevlw1HgMySw7f611UIY408EtxRSoK3Q=="
  "resolved" "https://registry.npmjs.org/loose-envify/-/loose-envify-1.4.0.tgz"
  "version" "1.4.0"
  dependencies:
    "js-tokens" "^3.0.0 || ^4.0.0"

"progress-bar-string@^1.0.1":
  "integrity" "sha512-gRGxta9574ktYvVBx2SdffHtQR+NydlJkUSlBr38cQtrg53DOyouu69F1R99D8HjWXCFIIy0E6MfUF9/5WeqMg=="
  "resolved" "https://registry.npmjs.org/progress-bar-string/-/progress-bar-string-1.0.1.tgz"
  "version" "1.0.1"

"react-hook-form@^7.29.0":
  "integrity" "sha512-NcJqWRF6el5HMW30fqZRt27s+lorvlCCDbTpAyHoodQeYWXgQCvZJJQLC1kRMKdrJknVH0NIg3At6TUzlZJFOQ=="
  "resolved" "https://registry.npmjs.org/react-hook-form/-/react-hook-form-7.29.0.tgz"
  "version" "7.29.0"

"react@^16.8.0 || ^17 || ^18":
  "integrity" "sha512-x+VL6wbT4JRVPm7EGxXhZ8w8LTROaxPXOqhlGyVSrv0sB1jkyFGgXxJ8LVoPRLvPR6/CIZGFmfzqUa2NYeMr2A=="
  "resolved" "https://registry.npmjs.org/react/-/react-18.0.0.tgz"
  "version" "18.0.0"
  dependencies:
    "loose-envify" "^1.1.0"

"string-progressbar@^1.0.4":
  "integrity" "sha512-OpkcFxlFjn7kz5jTWmPGY+FFJVN21lQ9k0fkK0XS5GVvlCgS1stgDNEoMyqnkbZEcVP3Gv6IxqgG7tnD7ChBSw=="
  "resolved" "https://registry.npmjs.org/string-progressbar/-/string-progressbar-1.0.4.tgz"
  "version" "1.0.4"
